<?xml version="1.0" encoding="utf-8"?>
<Project ToolsVersion="4.0" xmlns="http://schemas.microsoft.com/developer/msbuild/2003">
  <ItemGroup>
    <Filter Include="Source Files">
      <UniqueIdentifier>{4FC737F1-C7A5-4376-A066-2A32D752A2FF}</UniqueIdentifier>
      <Extensions>cpp;c;cc;cxx;c++;cppm;ixx;def;odl;idl;hpj;bat;asm;asmx</Extensions>
    </Filter>
    <Filter Include="Header Files">
      <UniqueIdentifier>{93995380-89BD-4b04-88EB-625FBE52EBFB}</UniqueIdentifier>
      <Extensions>h;hh;hpp;hxx;h++;hm;inl;inc;ipp;xsd</Extensions>
    </Filter>
    <Filter Include="Resource Files">
      <UniqueIdentifier>{67DA6AB6-F800-4c08-8B7A-83BB121AAD01}</UniqueIdentifier>
      <Extensions>rc;ico;cur;bmp;dlg;rc2;rct;bin;rgs;gif;jpg;jpeg;jpe;resx;tiff;tif;png;wav;mfcribbon-ms</Extensions>
    </Filter>
  </ItemGroup>
  <ItemGroup>
    <ClInclude Include="main.h">
      <Filter>Header Files</Filter>
    </ClInclude>
    <ClInclude Include="libraries\Other\stb_image.h">
      <Filter>Header Files</Filter>
    </ClInclude>
    <ClInclude Include="Application.h">
      <Filter>Header Files</Filter>
    </ClInclude>
    <ClInclude Include="Data\Mesh\Mesh.h">
      <Filter>Header Files</Filter>
    </ClInclude>
    <ClInclude Include="Data\Shader\Shader.h">
      <Filter>Header Files</Filter>
    </ClInclude>
    <ClInclude Include="Components\Renderer.h">
      <Filter>Header Files</Filter>
    </ClInclude>
    <ClInclude Include="Objects\Objectoid.h">
      <Filter>Header Files</Filter>
    </ClInclude>
    <ClInclude Include="Components\Transform.h">
      <Filter>Header Files</Filter>
    </ClInclude>
    <ClInclude Include="Objects\Camera\Camera.h">
      <Filter>Header Files</Filter>
    </ClInclude>
    <ClInclude Include="Data\Texture.h">
      <Filter>Header Files</Filter>
    </ClInclude>
    <ClInclude Include="Objects\Object.h">
      <Filter>Header Files</Filter>
    </ClInclude>
    <ClInclude Include=".away\Cubemap.h">
      <Filter>Header Files</Filter>
    </ClInclude>
    <ClInclude Include="libraries\Other\OpenSimplexNoise.h">
      <Filter>Header Files</Filter>
    </ClInclude>
    <ClInclude Include="Data\Shader\ComputeShader.h">
      <Filter>Header Files</Filter>
    </ClInclude>
    <ClInclude Include="Data\Material\Material.h">
      <Filter>Header Files</Filter>
    </ClInclude>
    <ClInclude Include="Physong\Collider.h">
      <Filter>Header Files</Filter>
    </ClInclude>
    <ClInclude Include="Data\Holder\Holder.h">
      <Filter>Header Files</Filter>
    </ClInclude>
    <ClInclude Include="Data\Extender.h">
      <Filter>Header Files</Filter>
    </ClInclude>
    <ClInclude Include="Extenders\Application\RenderingE.h">
      <Filter>Header Files</Filter>
    </ClInclude>
    <ClInclude Include="Materials\CustomMaterial.h">
      <Filter>Header Files</Filter>
    </ClInclude>
    <ClInclude Include="Data\Holder\RenderPipeline\RenderPipelineHandler.h">
      <Filter>Header Files</Filter>
    </ClInclude>
    <ClInclude Include="Data\Holder\RenderPipeline\RenderPipeline.h">
      <Filter>Header Files</Filter>
    </ClInclude>
    <ClInclude Include=".away\DefaultRenderPipeline.h">
      <Filter>Header Files</Filter>
    </ClInclude>
    <ClInclude Include="Data\Holder\RenderPipeline\RenderPipelines\MainRenderPipeline.h">
      <Filter>Header Files</Filter>
    </ClInclude>
    <ClInclude Include="Data\Holder\RenderPipeline\RenderPipelineElements.h">
      <Filter>Header Files</Filter>
    </ClInclude>
    <ClInclude Include="Data\Holder\Identifier.h">
      <Filter>Header Files</Filter>
    </ClInclude>
    <ClInclude Include="Objects\Lights\Light.h">
      <Filter>Header Files</Filter>
    </ClInclude>
  </ItemGroup>
  <ItemGroup>
    <ClCompile Include="main.cpp">
      <Filter>Source Files</Filter>
    </ClCompile>
    <ClCompile Include="libraries\Other\glad.c">
      <Filter>Source Files</Filter>
    </ClCompile>
    <ClCompile Include="libraries\Other\stb_image.cpp">
      <Filter>Source Files</Filter>
    </ClCompile>
    <ClCompile Include="Application.cpp">
      <Filter>Source Files</Filter>
    </ClCompile>
    <ClCompile Include="Data\Mesh\Mesh.cpp">
      <Filter>Source Files</Filter>
    </ClCompile>
    <ClCompile Include="Data\Shader\Shader.cpp">
      <Filter>Source Files</Filter>
    </ClCompile>
    <ClCompile Include="Components\Renderer.cpp">
      <Filter>Source Files</Filter>
    </ClCompile>
    <ClCompile Include="Objects\Objectoid.cpp">
      <Filter>Source Files</Filter>
    </ClCompile>
    <ClCompile Include="Components\Transform.cpp">
      <Filter>Source Files</Filter>
    </ClCompile>
    <ClCompile Include="Objects\Camera\Camera.cpp">
      <Filter>Source Files</Filter>
    </ClCompile>
    <ClCompile Include="Data\Texture.cpp">
      <Filter>Source Files</Filter>
    </ClCompile>
    <ClCompile Include="Objects\Object.cpp">
      <Filter>Source Files</Filter>
    </ClCompile>
    <ClCompile Include=".away\Cubemap.cpp">
      <Filter>Source Files</Filter>
    </ClCompile>
    <ClCompile Include="libraries\Other\OpenSimplexNoise.cpp">
      <Filter>Source Files</Filter>
    </ClCompile>
    <ClCompile Include="Data\Shader\ComputeShader.cpp">
      <Filter>Source Files</Filter>
    </ClCompile>
    <ClCompile Include="Data\Material\Material.cpp">
      <Filter>Source Files</Filter>
    </ClCompile>
    <ClCompile Include="Data\Holder\Holder.cpp">
      <Filter>Source Files</Filter>
    </ClCompile>
    <ClCompile Include="Data\Extender.cpp">
      <Filter>Source Files</Filter>
    </ClCompile>
    <ClCompile Include="Extenders\Application\RenderingE.cpp">
      <Filter>Source Files</Filter>
    </ClCompile>
    <ClCompile Include="Materials\CustomMaterial.cpp">
      <Filter>Source Files</Filter>
    </ClCompile>
    <ClCompile Include="Data\Holder\RenderPipeline\RenderPipelineHandler.cpp">
      <Filter>Source Files</Filter>
    </ClCompile>
    <ClCompile Include="Data\Holder\RenderPipeline\RenderPipeline.cpp">
      <Filter>Source Files</Filter>
    </ClCompile>
    <ClCompile Include=".away\DefaultRenderPipeline.cpp">
      <Filter>Source Files</Filter>
    </ClCompile>
    <ClCompile Include="Data\Holder\RenderPipeline\RenderPipelines\MainRenderPipeline.cpp">
      <Filter>Source Files</Filter>
    </ClCompile>
    <ClCompile Include="Objects\Lights\Light.cpp">
      <Filter>Source Files</Filter>
    </ClCompile>
  </ItemGroup>
  <ItemGroup>
    <Image Include="Assets\Textures\Area4096.png">
      <Filter>Resource Files</Filter>
    </Image>
    <Image Include="Assets\Textures\Normal.png">
      <Filter>Resource Files</Filter>
    </Image>
    <Image Include="Assets\Textures\Ao.png">
      <Filter>Resource Files</Filter>
    </Image>
    <Image Include="Assets\Textures\Metallic.png">
      <Filter>Resource Files</Filter>
    </Image>
    <Image Include="Assets\Textures\Roughness.png">
      <Filter>Resource Files</Filter>
    </Image>
  </ItemGroup>
  <ItemGroup>
    <None Include="Assets\Shaders\lighting.vert" />
    <None Include="Assets\Shaders\lighting.frag" />
    <None Include="Assets\Shaders\default.frag" />
    <None Include="Assets\Shaders\default.vert" />
    <None Include="Assets\Shaders\Compute\Procedural\Environment\MarchingCubesMesh.comp" />
    <None Include="Assets\Shaders\Compute\Procedural\Environment\MarchingCubesNoise.comp" />
    <None Include="Assets\Shaders\Compute\Procedural\Environment\CubesMesh.comp" />
    <None Include="Assets\Shaders\Compute\Procedural\Environment\Flat\Heightmap_GPU.comp" />
    <None Include="Tools\GridPointPositionCalculator.py" />
    <None Include="Tools\GridIndicesCalculator.py" />
    <None Include="README.md" />
    <None Include=".gitignore" />
    <None Include="Assets\Shaders\defaultDepth.frag" />
    <None Include="Assets\Shaders\defaultDepth.vert" />
  </ItemGroup>
  <ItemGroup>
    <Text Include="Tools\OutputIndices.txt" />
    <Text Include="Tools\OutputPointPosition.txt" />
  </ItemGroup>
</Project>